// !$*UTF8*$!
{
	archiveVersion = 1;
	classes = {
	};
	objectVersion = 46;
	objects = {

/* Begin PBXBuildFile section */
		EE1F9A591D1CCBC7009BD621 /* AppDelegate.swift in Sources */ = {isa = PBXBuildFile; fileRef = EE1F9A581D1CCBC7009BD621 /* AppDelegate.swift */; };
		EE1F9A5B1D1CCBC7009BD621 /* ViewController.swift in Sources */ = {isa = PBXBuildFile; fileRef = EE1F9A5A1D1CCBC7009BD621 /* ViewController.swift */; };
		EE1F9A5E1D1CCBC7009BD621 /* Main.storyboard in Resources */ = {isa = PBXBuildFile; fileRef = EE1F9A5C1D1CCBC7009BD621 /* Main.storyboard */; };
		EE1F9A601D1CCBC8009BD621 /* Assets.xcassets in Resources */ = {isa = PBXBuildFile; fileRef = EE1F9A5F1D1CCBC8009BD621 /* Assets.xcassets */; };
		EE1F9A631D1CCBC8009BD621 /* LaunchScreen.storyboard in Resources */ = {isa = PBXBuildFile; fileRef = EE1F9A611D1CCBC8009BD621 /* LaunchScreen.storyboard */; };
		EE1F9A6B1D1D1117009BD621 /* LineLayout.swift in Sources */ = {isa = PBXBuildFile; fileRef = EE1F9A6A1D1D1117009BD621 /* LineLayout.swift */; };
		EE1F9A6D1D1D112D009BD621 /* WaterFallLayout.swift in Sources */ = {isa = PBXBuildFile; fileRef = EE1F9A6C1D1D112D009BD621 /* WaterFallLayout.swift */; };
		EE1F9A6F1D1D113A009BD621 /* CirCleLayout.swift in Sources */ = {isa = PBXBuildFile; fileRef = EE1F9A6E1D1D113A009BD621 /* CirCleLayout.swift */; };
		EEBF04FB1D21247A00B40162 /* 1.jpg in Resources */ = {isa = PBXBuildFile; fileRef = EEBF04F81D21247A00B40162 /* 1.jpg */; };
		EEBF04FC1D21247A00B40162 /* 2.jpg in Resources */ = {isa = PBXBuildFile; fileRef = EEBF04F91D21247A00B40162 /* 2.jpg */; };
		EEBF04FD1D21247A00B40162 /* 3.jpg in Resources */ = {isa = PBXBuildFile; fileRef = EEBF04FA1D21247A00B40162 /* 3.jpg */; };
/* End PBXBuildFile section */

/* Begin PBXFileReference section */
		EE1F9A551D1CCBC4009BD621 /* CollectionViewSwift.app */ = {isa = PBXFileReference; explicitFileType = wrapper.application; includeInIndex = 0; path = CollectionViewSwift.app; sourceTree = BUILT_PRODUCTS_DIR; };
		EE1F9A581D1CCBC7009BD621 /* AppDelegate.swift */ = {isa = PBXFileReference; lastKnownFileType = sourcecode.swift; path = AppDelegate.swift; sourceTree = "<group>"; };
		EE1F9A5A1D1CCBC7009BD621 /* ViewController.swift */ = {isa = PBXFileReference; lastKnownFileType = sourcecode.swift; path = ViewController.swift; sourceTree = "<group>"; };
		EE1F9A5D1D1CCBC7009BD621 /* Base */ = {isa = PBXFileReference; lastKnownFileType = file.storyboard; name = Base; path = Base.lproj/Main.storyboard; sourceTree = "<group>"; };
		EE1F9A5F1D1CCBC8009BD621 /* Assets.xcassets */ = {isa = PBXFileReference; lastKnownFileType = folder.assetcatalog; path = Assets.xcassets; sourceTree = "<group>"; };
		EE1F9A621D1CCBC8009BD621 /* Base */ = {isa = PBXFileReference; lastKnownFileType = file.storyboard; name = Base; path = Base.lproj/LaunchScreen.storyboard; sourceTree = "<group>"; };
		EE1F9A641D1CCBC8009BD621 /* Info.plist */ = {isa = PBXFileReference; lastKnownFileType = text.plist.xml; path = Info.plist; sourceTree = "<group>"; };
		EE1F9A6A1D1D1117009BD621 /* LineLayout.swift */ = {isa = PBXFileReference; fileEncoding = 4; lastKnownFileType = sourcecode.swift; path = LineLayout.swift; sourceTree = "<group>"; };
		EE1F9A6C1D1D112D009BD621 /* WaterFallLayout.swift */ = {isa = PBXFileReference; fileEncoding = 4; lastKnownFileType = sourcecode.swift; path = WaterFallLayout.swift; sourceTree = "<group>"; };
		EE1F9A6E1D1D113A009BD621 /* CirCleLayout.swift */ = {isa = PBXFileReference; fileEncoding = 4; lastKnownFileType = sourcecode.swift; path = CirCleLayout.swift; sourceTree = "<group>"; };
		EEBF04F81D21247A00B40162 /* 1.jpg */ = {isa = PBXFileReference; lastKnownFileType = image.jpeg; path = 1.jpg; sourceTree = "<group>"; };
		EEBF04F91D21247A00B40162 /* 2.jpg */ = {isa = PBXFileReference; lastKnownFileType = image.jpeg; path = 2.jpg; sourceTree = "<group>"; };
		EEBF04FA1D21247A00B40162 /* 3.jpg */ = {isa = PBXFileReference; lastKnownFileType = image.jpeg; path = 3.jpg; sourceTree = "<group>"; };
/* End PBXFileReference section */

/* Begin PBXFrameworksBuildPhase section */
		EE1F9A521D1CCBC4009BD621 /* Frameworks */ = {
			isa = PBXFrameworksBuildPhase;
			buildActionMask = 2147483647;
			files = (
			);
			runOnlyForDeploymentPostprocessing = 0;
		};
/* End PBXFrameworksBuildPhase section */

/* Begin PBXGroup section */
		EE1F9A4C1D1CCBC4009BD621 = {
			isa = PBXGroup;
			children = (
				EE1F9A571D1CCBC6009BD621 /* CollectionViewSwift */,
				EE1F9A561D1CCBC4009BD621 /* Products */,
			);
			sourceTree = "<group>";
		};
		EE1F9A561D1CCBC4009BD621 /* Products */ = {
			isa = PBXGroup;
			children = (
				EE1F9A551D1CCBC4009BD621 /* CollectionViewSwift.app */,
			);
			name = Products;
			sourceTree = "<group>";
		};
		EE1F9A571D1CCBC6009BD621 /* CollectionViewSwift */ = {
			isa = PBXGroup;
			children = (
				EE1F9A581D1CCBC7009BD621 /* AppDelegate.swift */,
				EE1F9A5A1D1CCBC7009BD621 /* ViewController.swift */,
				EE1F9A6A1D1D1117009BD621 /* LineLayout.swift */,
				EE1F9A6C1D1D112D009BD621 /* WaterFallLayout.swift */,
				EE1F9A6E1D1D113A009BD621 /* CirCleLayout.swift */,
				EEBF04EB1D21242D00B40162 /* images */,
				EE1F9A5C1D1CCBC7009BD621 /* Main.storyboard */,
				EE1F9A5F1D1CCBC8009BD621 /* Assets.xcassets */,
				EE1F9A611D1CCBC8009BD621 /* LaunchScreen.storyboard */,
				EE1F9A641D1CCBC8009BD621 /* Info.plist */,
			);
			path = CollectionViewSwift;
			sourceTree = "<group>";
		};
		EEBF04EB1D21242D00B40162 /* images */ = {
			isa = PBXGroup;
			children = (
				EEBF04F81D21247A00B40162 /* 1.jpg */,
				EEBF04F91D21247A00B40162 /* 2.jpg */,
				EEBF04FA1D21247A00B40162 /* 3.jpg */,
			);
			name = images;
			path = images/images;
			sourceTree = "<group>";
		};
/* End PBXGroup section */

/* Begin PBXNativeTarget section */
		EE1F9A541D1CCBC4009BD621 /* CollectionViewSwift */ = {
			isa = PBXNativeTarget;
			buildConfigurationList = EE1F9A671D1CCBC8009BD621 /* Build configuration list for PBXNativeTarget "CollectionViewSwift" */;
			buildPhases = (
				EE1F9A511D1CCBC4009BD621 /* Sources */,
				EE1F9A521D1CCBC4009BD621 /* Frameworks */,
				EE1F9A531D1CCBC4009BD621 /* Resources */,
			);
			buildRules = (
			);
			dependencies = (
			);
			name = CollectionViewSwift;
			productName = CollectionViewSwift;
			productReference = EE1F9A551D1CCBC4009BD621 /* CollectionViewSwift.app */;
			productType = "com.apple.product-type.application";
		};
/* End PBXNativeTarget section */

/* Begin PBXProject section */
		EE1F9A4D1D1CCBC4009BD621 /* Project object */ = {
			isa = PBXProject;
			attributes = {
				LastSwiftUpdateCheck = 0730;
				LastUpgradeCheck = 0730;
				ORGANIZATIONNAME = qfangwanghk;
				TargetAttributes = {
					EE1F9A541D1CCBC4009BD621 = {
						CreatedOnToolsVersion = 7.3.1;
					};
				};
			};
			buildConfigurationList = EE1F9A501D1CCBC4009BD621 /* Build configuration list for PBXProject "CollectionViewSwift" */;
			compatibilityVersion = "Xcode 3.2";
			developmentRegion = English;
			hasScannedForEncodings = 0;
			knownRegions = (
				en,
				Base,
			);
			mainGroup = EE1F9A4C1D1CCBC4009BD621;
			productRefGroup = EE1F9A561D1CCBC4009BD621 /* Products */;
			projectDirPath = "";
			projectRoot = "";
			targets = (
				EE1F9A541D1CCBC4009BD621 /* CollectionViewSwift */,
			);
		};
/* End PBXProject section */

/* Begin PBXResourcesBuildPhase section */
		EE1F9A531D1CCBC4009BD621 /* Resources */ = {
			isa = PBXResourcesBuildPhase;
			buildActionMask = 2147483647;
			files = (
				EE1F9A631D1CCBC8009BD621 /* LaunchScreen.storyboard in Resources */,
				EEBF04FB1D21247A00B40162 /* 1.jpg in Resources */,
				EEBF04FC1D21247A00B40162 /* 2.jpg in Resources */,
				EEBF04FD1D21247A00B40162 /* 3.jpg in Resources */,
				EE1F9A601D1CCBC8009BD621 /* Assets.xcassets in Resources */,
				EE1F9A5E1D1CCBC7009BD621 /* Main.storyboard in Resources */,
			);
			runOnlyForDeploymentPostprocessing = 0;
		};
/* End PBXResourcesBuildPhase section */

/* Begin PBXSourcesBuildPhase section */
		EE1F9A511D1CCBC4009BD621 /* Sources */ = {
			isa = PBXSourcesBuildPhase;
			buildActionMask = 2147483647;
			files = (
				EE1F9A6D1D1D112D009BD621 /* WaterFallLayout.swift in Sources */,
				EE1F9A6F1D1D113A009BD621 /* CirCleLayout.swift in Sources */,
				EE1F9A5B1D1CCBC7009BD621 /* ViewController.swift in Sources */,
				EE1F9A591D1CCBC7009BD621 /* AppDelegate.swift in Sources */,
				EE1F9A6B1D1D1117009BD621 /* LineLayout.swift in Sources */,
			);
			runOnlyForDeploymentPostprocessing = 0;
		};
/* End PBXSourcesBuildPhase section */

/* Begin PBXVariantGroup section */
		EE1F9A5C1D1CCBC7009BD621 /* Main.storyboard */ = {
			isa = PBXVariantGroup;
			children = (
				EE1F9A5D1D1CCBC7009BD621 /* Base */,
			);
			name = Main.storyboard;
			sourceTree = "<group>";
		};
		EE1F9A611D1CCBC8009BD621 /* LaunchScreen.storyboard */ = {
			isa = PBXVariantGroup;
			children = (
				EE1F9A621D1CCBC8009BD621 /* Base */,
			);
			name = LaunchScreen.storyboard;
			sourceTree = "<group>";
		};
/* End PBXVariantGroup section */

/* Begin XCBuildConfiguration section */
		EE1F9A651D1CCBC8009BD621 /* Debug */ = {
			isa = XCBuildConfiguration;
			buildSettings = {
				ALWAYS_SEARCH_USER_PATHS = NO;
				CLANG_ANALYZER_NONNULL = YES;
				CLANG_CXX_LANGUAGE_STANDARD = "gnu++0x";
				CLANG_CXX_LIBRARY = "libc++";
				CLANG_ENABLE_MODULES = YES;
				CLANG_ENABLE_OBJC_ARC = YES;
				CLANG_WARN_BOOL_CONVERSION = YES;
				CLANG_WARN_CONSTANT_CONVERSION = YES;
				CLANG_WARN_DIRECT_OBJC_ISA_USAGE = YES_ERROR;
				CLANG_WARN_EMPTY_BODY = YES;
				CLANG_WARN_ENUM_CONVERSION = YES;
				CLANG_WARN_INT_CONVERSION = YES;
				CLANG_WARN_OBJC_ROOT_CLASS = YES_ERROR;
				CLANG_WARN_UNREACHABLE_CODE = YES;
				CLANG_WARN__DUPLICATE_METHOD_MATCH = YES;
				"CODE_SIGN_IDENTITY[sdk=iphoneos*]" = "iPhone Developer";
				COPY_PHASE_STRIP = NO;
				DEBUG_INFORMATION_FORMAT = dwarf;
				ENABLE_STRICT_OBJC_MSGSEND = YES;
				ENABLE_TESTABILITY = YES;
				GCC_C_LANGUAGE_STANDARD = gnu99;
				GCC_DYNAMIC_NO_PIC = NO;
				GCC_NO_COMMON_BLOCKS = YES;
				GCC_OPTIMIZATION_LEVEL = 0;
				GCC_PREPROCESSOR_DEFINITIONS = (
					"DEBUG=1",
					"$(inherited)",
				);
				GCC_WARN_64_TO_32_BIT_CONVERSION = YES;
				GCC_WARN_ABOUT_RETURN_TYPE = YES_ERROR;
				GCC_WARN_UNDECLARED_SELECTOR = YES;
				GCC_WARN_UNINITIALIZED_AUTOS = YES_AGGRESSIVE;
				GCC_WARN_UNUSED_FUNCTION = YES;
				GCC_WARN_UNUSED_VARIABLE = YES;
				IPHONEOS_DEPLOYMENT_TARGET = 9.3;
				MTL_ENABLE_DEBUG_INFO = YES;
				ONLY_ACTIVE_ARCH = YES;
				SDKROOT = iphoneos;
				SWIFT_OPTIMIZATION_LEVEL = "-Onone";
			};
			name = Debug;
		};
		EE1F9A661D1CCBC8009BD621 /* Release */ = {
			isa = XCBuildConfiguration;
			buildSettings = {
				ALWAYS_SEARCH_USER_PATHS = NO;
				CLANG_ANALYZER_NONNULL = YES;
				CLANG_CXX_LANGUAGE_STANDARD = "gnu++0x";
				CLANG_CXX_LIBRARY = "libc++";
				CLANG_ENABLE_MODULES = YES;
				CLANG_ENABLE_OBJC_ARC = YES;
				CLANG_WARN_BOOL_CONVERSION = YES;
				CLANG_WARN_CONSTANT_CONVERSION = YES;
				CLANG_WARN_DIRECT_OBJC_ISA_USAGE = YES_ERROR;
				CLANG_WARN_EMPTY_BODY = YES;
				CLANG_WARN_ENUM_CONVERSION = YES;
				CLANG_WARN_INT_CONVERSION = YES;
				CLANG_WARN_OBJC_ROOT_CLASS = YES_ERROR;
				CLANG_WARN_UNREACHABLE_CODE = YES;
				CLANG_WARN__DUPLICATE_METHOD_MATCH = YES;
				"CODE_SIGN_IDENTITY[sdk=iphoneos*]" = "iPhone Developer";
				COPY_PHASE_STRIP = NO;
				DEBUG_INFORMATION_FORMAT = "dwarf-with-dsym";
				ENABLE_NS_ASSERTIONS = NO;
				ENABLE_STRICT_OBJC_MSGSEND = YES;
				GCC_C_LANGUAGE_STANDARD = gnu99;
				GCC_NO_COMMON_BLOCKS = YES;
				GCC_WARN_64_TO_32_BIT_CONVERSION = YES;
				GCC_WARN_ABOUT_RETURN_TYPE = YES_ERROR;
				GCC_WARN_UNDECLARED_SELECTOR = YES;
				GCC_WARN_UNINITIALIZED_AUTOS = YES_AGGRESSIVE;
				GCC_WARN_UNUSED_FUNCTION = YES;
				GCC_WARN_UNUSED_VARIABLE = YES;
				IPHONEOS_DEPLOYMENT_TARGET = 9.3;
				MTL_ENABLE_DEBUG_INFO = NO;
				SDKROOT = iphoneos;
				VALIDATE_PRODUCT = YES;
			};
			name = Release;
		};
		EE1F9A681D1CCBC8009BD621 /* Debug */ = {
			isa = XCBuildConfiguration;
			buildSettings = {
				ASSETCATALOG_COMPILER_APPICON_NAME = AppIcon;
				INFOPLIST_FILE = CollectionViewSwift/Info.plist;
				IPHONEOS_DEPLOYMENT_TARGET = 9.2;
				LD_RUNPATH_SEARCH_PATHS = "$(inherited) @executable_path/Frameworks";
				PRODUCT_BUNDLE_IDENTIFIER = com.qfang.CollectionViewSwift;
				PRODUCT_NAME = "$(TARGET_NAME)";
			};
			name = Debug;
		};
		EE1F9A691D1CCBC8009BD621 /* Release */ = {
			isa = XCBuildConfiguration;
			buildSettings = {
				ASSETCATALOG_COMPILER_APPICON_NAME = AppIcon;
				INFOPLIST_FILE = CollectionViewSwift/Info.plist;
				IPHONEOS_DEPLOYMENT_TARGET = 9.2;
				LD_RUNPATH_SEARCH_PATHS = "$(inherited) @executable_path/Frameworks";
				PRODUCT_BUNDLE_IDENTIFIER = com.qfang.CollectionViewSwift;
				PRODUCT_NAME = "$(TARGET_NAME)";
			};
			name = Release;
		};
/* End XCBuildConfiguration section */

/* Begin XCConfigurationList section */
		EE1F9A501D1CCBC4009BD621 /* Build configuration list for PBXProject "CollectionViewSwift" */ = {
			isa = XCConfigurationList;
			buildConfigurations = (
				EE1F9A651D1CCBC8009BD621 /* Debug */,
				EE1F9A661D1CCBC8009BD621 /* Release */,
			);
			defaultConfigurationIsVisible = 0;
			defaultConfigurationName = Release;
		};
		EE1F9A671D1CCBC8009BD621 /* Build configuration list for PBXNativeTarget "CollectionViewSwift" */ = {
			isa = XCConfigurationList;
			buildConfigurations = (
				EE1F9A681D1CCBC8009BD621 /* Debug */,
				EE1F9A691D1CCBC8009BD621 /* Release */,
			);
			defaultConfigurationIsVisible = 0;
			defaultConfigurationName = Release;
		};
/* End XCConfigurationList section */
	};
	rootObject = EE1F9A4D1D1CCBC4009BD621 /* Project object */;
}
